// !$*UTF8*$!
{
	archiveVersion = 1;
	classes = {
	};
	objectVersion = 50;
	objects = {

/* Begin PBXBuildFile section */
		5A0394AB2289D995005CB97F /* Request.swift in Sources */ = {isa = PBXBuildFile; fileRef = 5A0394AA2289D995005CB97F /* Request.swift */; };
		5A0394AD2289DA10005CB97F /* GithubClient.swift in Sources */ = {isa = PBXBuildFile; fileRef = 5A0394AC2289DA10005CB97F /* GithubClient.swift */; };
		5A0394AF2289DC83005CB97F /* GithubEntity.swift in Sources */ = {isa = PBXBuildFile; fileRef = 5A0394AE2289DC83005CB97F /* GithubEntity.swift */; };
		5A0394B32289F278005CB97F /* HuruhuruReportViewController.xib in Resources */ = {isa = PBXBuildFile; fileRef = 5A0394B22289F278005CB97F /* HuruhuruReportViewController.xib */; };
		5A0C6A08228B2A77006B6DAD /* Encodable+JSON.swift in Sources */ = {isa = PBXBuildFile; fileRef = 5A0C6A07228B2A77006B6DAD /* Encodable+JSON.swift */; };
		5A13EADF23ED2359000832FD /* UIImage+Common.swift in Sources */ = {isa = PBXBuildFile; fileRef = 5A13EADE23ED2359000832FD /* UIImage+Common.swift */; };
		5A752FB12289AC4D00818B93 /* Huruhuru.framework in Frameworks */ = {isa = PBXBuildFile; fileRef = 5A752FA72289AC4D00818B93 /* Huruhuru.framework */; };
		5A752FB62289AC4D00818B93 /* HuruhuruTests.swift in Sources */ = {isa = PBXBuildFile; fileRef = 5A752FB52289AC4D00818B93 /* HuruhuruTests.swift */; };
		5A752FB82289AC4D00818B93 /* Huruhuru.h in Headers */ = {isa = PBXBuildFile; fileRef = 5A752FAA2289AC4D00818B93 /* Huruhuru.h */; settings = {ATTRIBUTES = (Public, ); }; };
		5A752FC22289AE3300818B93 /* Huruhuru.swift in Sources */ = {isa = PBXBuildFile; fileRef = 5A752FC12289AE3300818B93 /* Huruhuru.swift */; };
		5A752FCA2289AE9800818B93 /* AppDelegate.swift in Sources */ = {isa = PBXBuildFile; fileRef = 5A752FC92289AE9700818B93 /* AppDelegate.swift */; };
		5A752FCC2289AE9800818B93 /* TopViewController.swift in Sources */ = {isa = PBXBuildFile; fileRef = 5A752FCB2289AE9800818B93 /* TopViewController.swift */; };
		5A752FD12289AE9900818B93 /* Assets.xcassets in Resources */ = {isa = PBXBuildFile; fileRef = 5A752FD02289AE9900818B93 /* Assets.xcassets */; };
		5A752FD92289AECF00818B93 /* Huruhuru.framework in Frameworks */ = {isa = PBXBuildFile; fileRef = 5A752FA72289AC4D00818B93 /* Huruhuru.framework */; };
		5A752FDA2289AECF00818B93 /* Huruhuru.framework in Embed Frameworks */ = {isa = PBXBuildFile; fileRef = 5A752FA72289AC4D00818B93 /* Huruhuru.framework */; settings = {ATTRIBUTES = (CodeSignOnCopy, RemoveHeadersOnCopy, ); }; };
		5A752FE32289C77100818B93 /* HuruhuruReportViewController.swift in Sources */ = {isa = PBXBuildFile; fileRef = 5A752FE22289C77100818B93 /* HuruhuruReportViewController.swift */; };
		5A752FE52289CC1500818B93 /* CreateIssueRequest.swift in Sources */ = {isa = PBXBuildFile; fileRef = 5A752FE42289CC1500818B93 /* CreateIssueRequest.swift */; };
		5AA01702240805AD0054A6E3 /* IssueTitleTextField.swift in Sources */ = {isa = PBXBuildFile; fileRef = 5AA01701240805AD0054A6E3 /* IssueTitleTextField.swift */; };
		5AFAA4E123B2FCFF0010912E /* UploadFileRequest.swift in Sources */ = {isa = PBXBuildFile; fileRef = 5AFAA4E023B2FCFF0010912E /* UploadFileRequest.swift */; };
		5AFAA4E523B32B8C0010912E /* UIView+Common.swift in Sources */ = {isa = PBXBuildFile; fileRef = 5AFAA4E423B32B8C0010912E /* UIView+Common.swift */; };
		5AFAA4E723B339870010912E /* String+Common.swift in Sources */ = {isa = PBXBuildFile; fileRef = 5AFAA4E623B339870010912E /* String+Common.swift */; };
		5AFAA4E923B344C20010912E /* SingleReferenceRequest.swift in Sources */ = {isa = PBXBuildFile; fileRef = 5AFAA4E823B344C20010912E /* SingleReferenceRequest.swift */; };
		5AFAA4EB23B34ACC0010912E /* CreateReferenceRequest.swift in Sources */ = {isa = PBXBuildFile; fileRef = 5AFAA4EA23B34ACC0010912E /* CreateReferenceRequest.swift */; };
		5AFE58D22407D28E0062D5E6 /* ExampleViewController.swift in Sources */ = {isa = PBXBuildFile; fileRef = 5AFE58D12407D28E0062D5E6 /* ExampleViewController.swift */; };
		5AFE58DB2407D5580062D5E6 /* ExampleViewController.storyboard in Resources */ = {isa = PBXBuildFile; fileRef = 5AFE58DA2407D5580062D5E6 /* ExampleViewController.storyboard */; };
		5AFE58DF2407D5A00062D5E6 /* Secret.swift in Sources */ = {isa = PBXBuildFile; fileRef = 5AFE58DE2407D5A00062D5E6 /* Secret.swift */; };
		5AFE58E22407D5B60062D5E6 /* TopViewController.storyboard in Resources */ = {isa = PBXBuildFile; fileRef = 5AFE58E02407D5B60062D5E6 /* TopViewController.storyboard */; };
		5AFE58E32407D5B60062D5E6 /* LaunchScreen.storyboard in Resources */ = {isa = PBXBuildFile; fileRef = 5AFE58E12407D5B60062D5E6 /* LaunchScreen.storyboard */; };
/* End PBXBuildFile section */

/* Begin PBXContainerItemProxy section */
		5A752FB22289AC4D00818B93 /* PBXContainerItemProxy */ = {
			isa = PBXContainerItemProxy;
			containerPortal = 5A752F9E2289AC4D00818B93 /* Project object */;
			proxyType = 1;
			remoteGlobalIDString = 5A752FA62289AC4D00818B93;
			remoteInfo = Huruhuru;
		};
		5A752FDB2289AECF00818B93 /* PBXContainerItemProxy */ = {
			isa = PBXContainerItemProxy;
			containerPortal = 5A752F9E2289AC4D00818B93 /* Project object */;
			proxyType = 1;
			remoteGlobalIDString = 5A752FA62289AC4D00818B93;
			remoteInfo = Huruhuru;
		};
/* End PBXContainerItemProxy section */

/* Begin PBXCopyFilesBuildPhase section */
		5A752FDD2289AECF00818B93 /* Embed Frameworks */ = {
			isa = PBXCopyFilesBuildPhase;
			buildActionMask = 2147483647;
			dstPath = "";
			dstSubfolderSpec = 10;
			files = (
				5A752FDA2289AECF00818B93 /* Huruhuru.framework in Embed Frameworks */,
			);
			name = "Embed Frameworks";
			runOnlyForDeploymentPostprocessing = 0;
		};
/* End PBXCopyFilesBuildPhase section */

/* Begin PBXFileReference section */
		5A0394AA2289D995005CB97F /* Request.swift */ = {isa = PBXFileReference; lastKnownFileType = sourcecode.swift; path = Request.swift; sourceTree = "<group>"; };
		5A0394AC2289DA10005CB97F /* GithubClient.swift */ = {isa = PBXFileReference; lastKnownFileType = sourcecode.swift; path = GithubClient.swift; sourceTree = "<group>"; };
		5A0394AE2289DC83005CB97F /* GithubEntity.swift */ = {isa = PBXFileReference; lastKnownFileType = sourcecode.swift; path = GithubEntity.swift; sourceTree = "<group>"; };
		5A0394B22289F278005CB97F /* HuruhuruReportViewController.xib */ = {isa = PBXFileReference; lastKnownFileType = file.xib; path = HuruhuruReportViewController.xib; sourceTree = "<group>"; };
		5A0C6A07228B2A77006B6DAD /* Encodable+JSON.swift */ = {isa = PBXFileReference; lastKnownFileType = sourcecode.swift; path = "Encodable+JSON.swift"; sourceTree = "<group>"; };
		5A13EADE23ED2359000832FD /* UIImage+Common.swift */ = {isa = PBXFileReference; lastKnownFileType = sourcecode.swift; path = "UIImage+Common.swift"; sourceTree = "<group>"; };
		5A752FA72289AC4D00818B93 /* Huruhuru.framework */ = {isa = PBXFileReference; explicitFileType = wrapper.framework; includeInIndex = 0; path = Huruhuru.framework; sourceTree = BUILT_PRODUCTS_DIR; };
		5A752FAA2289AC4D00818B93 /* Huruhuru.h */ = {isa = PBXFileReference; lastKnownFileType = sourcecode.c.h; path = Huruhuru.h; sourceTree = "<group>"; };
		5A752FAB2289AC4D00818B93 /* Info.plist */ = {isa = PBXFileReference; lastKnownFileType = text.plist.xml; path = Info.plist; sourceTree = "<group>"; };
		5A752FB02289AC4D00818B93 /* HuruhuruTests.xctest */ = {isa = PBXFileReference; explicitFileType = wrapper.cfbundle; includeInIndex = 0; path = HuruhuruTests.xctest; sourceTree = BUILT_PRODUCTS_DIR; };
		5A752FB52289AC4D00818B93 /* HuruhuruTests.swift */ = {isa = PBXFileReference; lastKnownFileType = sourcecode.swift; path = HuruhuruTests.swift; sourceTree = "<group>"; };
		5A752FB72289AC4D00818B93 /* Info.plist */ = {isa = PBXFileReference; lastKnownFileType = text.plist.xml; path = Info.plist; sourceTree = "<group>"; };
		5A752FC12289AE3300818B93 /* Huruhuru.swift */ = {isa = PBXFileReference; lastKnownFileType = sourcecode.swift; path = Huruhuru.swift; sourceTree = "<group>"; };
		5A752FC72289AE9700818B93 /* HuruhuruExample.app */ = {isa = PBXFileReference; explicitFileType = wrapper.application; includeInIndex = 0; path = HuruhuruExample.app; sourceTree = BUILT_PRODUCTS_DIR; };
		5A752FC92289AE9700818B93 /* AppDelegate.swift */ = {isa = PBXFileReference; lastKnownFileType = sourcecode.swift; path = AppDelegate.swift; sourceTree = "<group>"; };
		5A752FCB2289AE9800818B93 /* TopViewController.swift */ = {isa = PBXFileReference; lastKnownFileType = sourcecode.swift; path = TopViewController.swift; sourceTree = "<group>"; };
		5A752FD02289AE9900818B93 /* Assets.xcassets */ = {isa = PBXFileReference; lastKnownFileType = folder.assetcatalog; path = Assets.xcassets; sourceTree = "<group>"; };
		5A752FD52289AE9900818B93 /* Info.plist */ = {isa = PBXFileReference; lastKnownFileType = text.plist.xml; path = Info.plist; sourceTree = "<group>"; };
		5A752FE22289C77100818B93 /* HuruhuruReportViewController.swift */ = {isa = PBXFileReference; lastKnownFileType = sourcecode.swift; path = HuruhuruReportViewController.swift; sourceTree = "<group>"; };
		5A752FE42289CC1500818B93 /* CreateIssueRequest.swift */ = {isa = PBXFileReference; lastKnownFileType = sourcecode.swift; path = CreateIssueRequest.swift; sourceTree = "<group>"; };
		5AA01701240805AD0054A6E3 /* IssueTitleTextField.swift */ = {isa = PBXFileReference; lastKnownFileType = sourcecode.swift; path = IssueTitleTextField.swift; sourceTree = "<group>"; };
		5AFAA4E023B2FCFF0010912E /* UploadFileRequest.swift */ = {isa = PBXFileReference; lastKnownFileType = sourcecode.swift; path = UploadFileRequest.swift; sourceTree = "<group>"; };
		5AFAA4E423B32B8C0010912E /* UIView+Common.swift */ = {isa = PBXFileReference; lastKnownFileType = sourcecode.swift; path = "UIView+Common.swift"; sourceTree = "<group>"; };
		5AFAA4E623B339870010912E /* String+Common.swift */ = {isa = PBXFileReference; lastKnownFileType = sourcecode.swift; path = "String+Common.swift"; sourceTree = "<group>"; };
		5AFAA4E823B344C20010912E /* SingleReferenceRequest.swift */ = {isa = PBXFileReference; lastKnownFileType = sourcecode.swift; path = SingleReferenceRequest.swift; sourceTree = "<group>"; };
		5AFAA4EA23B34ACC0010912E /* CreateReferenceRequest.swift */ = {isa = PBXFileReference; lastKnownFileType = sourcecode.swift; path = CreateReferenceRequest.swift; sourceTree = "<group>"; };
		5AFE58D12407D28E0062D5E6 /* ExampleViewController.swift */ = {isa = PBXFileReference; lastKnownFileType = sourcecode.swift; path = ExampleViewController.swift; sourceTree = "<group>"; };
		5AFE58DA2407D5580062D5E6 /* ExampleViewController.storyboard */ = {isa = PBXFileReference; fileEncoding = 4; lastKnownFileType = file.storyboard; path = ExampleViewController.storyboard; sourceTree = "<group>"; };
		5AFE58DE2407D5A00062D5E6 /* Secret.swift */ = {isa = PBXFileReference; fileEncoding = 4; lastKnownFileType = sourcecode.swift; path = Secret.swift; sourceTree = "<group>"; };
		5AFE58E02407D5B60062D5E6 /* TopViewController.storyboard */ = {isa = PBXFileReference; fileEncoding = 4; lastKnownFileType = file.storyboard; path = TopViewController.storyboard; sourceTree = "<group>"; };
		5AFE58E12407D5B60062D5E6 /* LaunchScreen.storyboard */ = {isa = PBXFileReference; fileEncoding = 4; lastKnownFileType = file.storyboard; path = LaunchScreen.storyboard; sourceTree = "<group>"; };
/* End PBXFileReference section */

/* Begin PBXFrameworksBuildPhase section */
		5A752FA42289AC4D00818B93 /* Frameworks */ = {
			isa = PBXFrameworksBuildPhase;
			buildActionMask = 2147483647;
			files = (
			);
			runOnlyForDeploymentPostprocessing = 0;
		};
		5A752FAD2289AC4D00818B93 /* Frameworks */ = {
			isa = PBXFrameworksBuildPhase;
			buildActionMask = 2147483647;
			files = (
				5A752FB12289AC4D00818B93 /* Huruhuru.framework in Frameworks */,
			);
			runOnlyForDeploymentPostprocessing = 0;
		};
		5A752FC42289AE9700818B93 /* Frameworks */ = {
			isa = PBXFrameworksBuildPhase;
			buildActionMask = 2147483647;
			files = (
				5A752FD92289AECF00818B93 /* Huruhuru.framework in Frameworks */,
			);
			runOnlyForDeploymentPostprocessing = 0;
		};
/* End PBXFrameworksBuildPhase section */

/* Begin PBXGroup section */
		5A0C6A09228B303C006B6DAD /* extension */ = {
			isa = PBXGroup;
			children = (
				5A0C6A07228B2A77006B6DAD /* Encodable+JSON.swift */,
				5AFAA4E423B32B8C0010912E /* UIView+Common.swift */,
				5AFAA4E623B339870010912E /* String+Common.swift */,
				5A13EADE23ED2359000832FD /* UIImage+Common.swift */,
			);
			path = extension;
			sourceTree = "<group>";
		};
		5A0C6A0A228B305B006B6DAD /* view */ = {
			isa = PBXGroup;
			children = (
				5A752FE22289C77100818B93 /* HuruhuruReportViewController.swift */,
				5AA01701240805AD0054A6E3 /* IssueTitleTextField.swift */,
			);
			path = view;
			sourceTree = "<group>";
		};
		5A0C6A0B228B3075006B6DAD /* model */ = {
			isa = PBXGroup;
			children = (
				5A752FE42289CC1500818B93 /* CreateIssueRequest.swift */,
				5AFAA4E023B2FCFF0010912E /* UploadFileRequest.swift */,
				5AFAA4E823B344C20010912E /* SingleReferenceRequest.swift */,
				5AFAA4EA23B34ACC0010912E /* CreateReferenceRequest.swift */,
				5A0394AA2289D995005CB97F /* Request.swift */,
				5A0394AC2289DA10005CB97F /* GithubClient.swift */,
				5A0394AE2289DC83005CB97F /* GithubEntity.swift */,
			);
			path = model;
			sourceTree = "<group>";
		};
		5A752F9D2289AC4D00818B93 = {
			isa = PBXGroup;
			children = (
				5A752FA92289AC4D00818B93 /* Huruhuru */,
				5A752FB42289AC4D00818B93 /* HuruhuruTests */,
				5A752FC82289AE9700818B93 /* HuruhuruExample */,
				5A752FA82289AC4D00818B93 /* Products */,
			);
			sourceTree = "<group>";
		};
		5A752FA82289AC4D00818B93 /* Products */ = {
			isa = PBXGroup;
			children = (
				5A752FA72289AC4D00818B93 /* Huruhuru.framework */,
				5A752FB02289AC4D00818B93 /* HuruhuruTests.xctest */,
				5A752FC72289AE9700818B93 /* HuruhuruExample.app */,
			);
			name = Products;
			sourceTree = "<group>";
		};
		5A752FA92289AC4D00818B93 /* Huruhuru */ = {
			isa = PBXGroup;
			children = (
				5A752FAB2289AC4D00818B93 /* Info.plist */,
				5A752FDF2289C6C500818B93 /* resources */,
				5A752FDE2289C6BA00818B93 /* sources */,
			);
			path = Huruhuru;
			sourceTree = "<group>";
		};
		5A752FB42289AC4D00818B93 /* HuruhuruTests */ = {
			isa = PBXGroup;
			children = (
				5A752FB52289AC4D00818B93 /* HuruhuruTests.swift */,
				5A752FB72289AC4D00818B93 /* Info.plist */,
			);
			path = HuruhuruTests;
			sourceTree = "<group>";
		};
		5A752FC82289AE9700818B93 /* HuruhuruExample */ = {
			isa = PBXGroup;
			children = (
				5A752FD52289AE9900818B93 /* Info.plist */,
				5AFE58DE2407D5A00062D5E6 /* Secret.swift */,
				5AFE58D42407D2A80062D5E6 /* source */,
				5AFE58D32407D2A00062D5E6 /* resource */,
			);
			path = HuruhuruExample;
			sourceTree = "<group>";
		};
		5A752FDE2289C6BA00818B93 /* sources */ = {
			isa = PBXGroup;
			children = (
				5A0C6A0B228B3075006B6DAD /* model */,
				5A0C6A0A228B305B006B6DAD /* view */,
				5A0C6A09228B303C006B6DAD /* extension */,
				5A752FAA2289AC4D00818B93 /* Huruhuru.h */,
				5A752FC12289AE3300818B93 /* Huruhuru.swift */,
			);
			path = sources;
			sourceTree = "<group>";
		};
		5A752FDF2289C6C500818B93 /* resources */ = {
			isa = PBXGroup;
			children = (
				5A0394B22289F278005CB97F /* HuruhuruReportViewController.xib */,
			);
			path = resources;
			sourceTree = "<group>";
		};
		5AFE58D32407D2A00062D5E6 /* resource */ = {
			isa = PBXGroup;
			children = (
				5A752FD02289AE9900818B93 /* Assets.xcassets */,
				5AFE58E12407D5B60062D5E6 /* LaunchScreen.storyboard */,
				5AFE58E02407D5B60062D5E6 /* TopViewController.storyboard */,
				5AFE58DA2407D5580062D5E6 /* ExampleViewController.storyboard */,
			);
			path = resource;
			sourceTree = "<group>";
		};
		5AFE58D42407D2A80062D5E6 /* source */ = {
			isa = PBXGroup;
			children = (
				5A752FC92289AE9700818B93 /* AppDelegate.swift */,
				5A752FCB2289AE9800818B93 /* TopViewController.swift */,
				5AFE58D12407D28E0062D5E6 /* ExampleViewController.swift */,
			);
			path = source;
			sourceTree = "<group>";
		};
/* End PBXGroup section */

/* Begin PBXHeadersBuildPhase section */
		5A752FA22289AC4D00818B93 /* Headers */ = {
			isa = PBXHeadersBuildPhase;
			buildActionMask = 2147483647;
			files = (
				5A752FB82289AC4D00818B93 /* Huruhuru.h in Headers */,
			);
			runOnlyForDeploymentPostprocessing = 0;
		};
/* End PBXHeadersBuildPhase section */

/* Begin PBXNativeTarget section */
		5A752FA62289AC4D00818B93 /* Huruhuru */ = {
			isa = PBXNativeTarget;
			buildConfigurationList = 5A752FBB2289AC4D00818B93 /* Build configuration list for PBXNativeTarget "Huruhuru" */;
			buildPhases = (
				5A752FA22289AC4D00818B93 /* Headers */,
				5A752FA32289AC4D00818B93 /* Sources */,
				5A752FA42289AC4D00818B93 /* Frameworks */,
				5A752FA52289AC4D00818B93 /* Resources */,
			);
			buildRules = (
			);
			dependencies = (
			);
			name = Huruhuru;
			productName = Huruhuru;
			productReference = 5A752FA72289AC4D00818B93 /* Huruhuru.framework */;
			productType = "com.apple.product-type.framework";
		};
		5A752FAF2289AC4D00818B93 /* HuruhuruTests */ = {
			isa = PBXNativeTarget;
			buildConfigurationList = 5A752FBE2289AC4D00818B93 /* Build configuration list for PBXNativeTarget "HuruhuruTests" */;
			buildPhases = (
				5A752FAC2289AC4D00818B93 /* Sources */,
				5A752FAD2289AC4D00818B93 /* Frameworks */,
				5A752FAE2289AC4D00818B93 /* Resources */,
			);
			buildRules = (
			);
			dependencies = (
				5A752FB32289AC4D00818B93 /* PBXTargetDependency */,
			);
			name = HuruhuruTests;
			productName = HuruhuruTests;
			productReference = 5A752FB02289AC4D00818B93 /* HuruhuruTests.xctest */;
			productType = "com.apple.product-type.bundle.unit-test";
		};
		5A752FC62289AE9700818B93 /* HuruhuruExample */ = {
			isa = PBXNativeTarget;
			buildConfigurationList = 5A752FD62289AE9900818B93 /* Build configuration list for PBXNativeTarget "HuruhuruExample" */;
			buildPhases = (
				5A752FC32289AE9700818B93 /* Sources */,
				5A752FC42289AE9700818B93 /* Frameworks */,
				5A752FC52289AE9700818B93 /* Resources */,
				5A752FDD2289AECF00818B93 /* Embed Frameworks */,
			);
			buildRules = (
			);
			dependencies = (
				5A752FDC2289AECF00818B93 /* PBXTargetDependency */,
			);
			name = HuruhuruExample;
			productName = HuruhuruExample;
			productReference = 5A752FC72289AE9700818B93 /* HuruhuruExample.app */;
			productType = "com.apple.product-type.application";
		};
/* End PBXNativeTarget section */

/* Begin PBXProject section */
		5A752F9E2289AC4D00818B93 /* Project object */ = {
			isa = PBXProject;
			attributes = {
				LastSwiftUpdateCheck = 1020;
				LastUpgradeCheck = 1020;
				ORGANIZATIONNAME = k0uhashi;
				TargetAttributes = {
					5A752FA62289AC4D00818B93 = {
						CreatedOnToolsVersion = 10.2;
						LastSwiftMigration = 1020;
					};
					5A752FAF2289AC4D00818B93 = {
						CreatedOnToolsVersion = 10.2;
					};
					5A752FC62289AE9700818B93 = {
						CreatedOnToolsVersion = 10.2;
					};
				};
			};
			buildConfigurationList = 5A752FA12289AC4D00818B93 /* Build configuration list for PBXProject "Huruhuru" */;
			compatibilityVersion = "Xcode 9.3";
			developmentRegion = en;
			hasScannedForEncodings = 0;
			knownRegions = (
				en,
				Base,
			);
			mainGroup = 5A752F9D2289AC4D00818B93;
			productRefGroup = 5A752FA82289AC4D00818B93 /* Products */;
			projectDirPath = "";
			projectRoot = "";
			targets = (
				5A752FA62289AC4D00818B93 /* Huruhuru */,
				5A752FAF2289AC4D00818B93 /* HuruhuruTests */,
				5A752FC62289AE9700818B93 /* HuruhuruExample */,
			);
		};
/* End PBXProject section */

/* Begin PBXResourcesBuildPhase section */
		5A752FA52289AC4D00818B93 /* Resources */ = {
			isa = PBXResourcesBuildPhase;
			buildActionMask = 2147483647;
			files = (
				5A0394B32289F278005CB97F /* HuruhuruReportViewController.xib in Resources */,
			);
			runOnlyForDeploymentPostprocessing = 0;
		};
		5A752FAE2289AC4D00818B93 /* Resources */ = {
			isa = PBXResourcesBuildPhase;
			buildActionMask = 2147483647;
			files = (
			);
			runOnlyForDeploymentPostprocessing = 0;
		};
		5A752FC52289AE9700818B93 /* Resources */ = {
			isa = PBXResourcesBuildPhase;
			buildActionMask = 2147483647;
			files = (
				5AFE58E22407D5B60062D5E6 /* TopViewController.storyboard in Resources */,
				5A752FD12289AE9900818B93 /* Assets.xcassets in Resources */,
				5AFE58E32407D5B60062D5E6 /* LaunchScreen.storyboard in Resources */,
				5AFE58DB2407D5580062D5E6 /* ExampleViewController.storyboard in Resources */,
			);
			runOnlyForDeploymentPostprocessing = 0;
		};
/* End PBXResourcesBuildPhase section */

/* Begin PBXSourcesBuildPhase section */
		5A752FA32289AC4D00818B93 /* Sources */ = {
			isa = PBXSourcesBuildPhase;
			buildActionMask = 2147483647;
			files = (
				5AFAA4E123B2FCFF0010912E /* UploadFileRequest.swift in Sources */,
				5A13EADF23ED2359000832FD /* UIImage+Common.swift in Sources */,
				5A752FE52289CC1500818B93 /* CreateIssueRequest.swift in Sources */,
				5A0394AB2289D995005CB97F /* Request.swift in Sources */,
				5AA01702240805AD0054A6E3 /* IssueTitleTextField.swift in Sources */,
				5A0C6A08228B2A77006B6DAD /* Encodable+JSON.swift in Sources */,
				5A0394AD2289DA10005CB97F /* GithubClient.swift in Sources */,
				5AFAA4E723B339870010912E /* String+Common.swift in Sources */,
				5AFAA4E923B344C20010912E /* SingleReferenceRequest.swift in Sources */,
				5AFAA4EB23B34ACC0010912E /* CreateReferenceRequest.swift in Sources */,
				5A752FE32289C77100818B93 /* HuruhuruReportViewController.swift in Sources */,
				5A752FC22289AE3300818B93 /* Huruhuru.swift in Sources */,
				5A0394AF2289DC83005CB97F /* GithubEntity.swift in Sources */,
				5AFAA4E523B32B8C0010912E /* UIView+Common.swift in Sources */,
			);
			runOnlyForDeploymentPostprocessing = 0;
		};
		5A752FAC2289AC4D00818B93 /* Sources */ = {
			isa = PBXSourcesBuildPhase;
			buildActionMask = 2147483647;
			files = (
				5A752FB62289AC4D00818B93 /* HuruhuruTests.swift in Sources */,
			);
			runOnlyForDeploymentPostprocessing = 0;
		};
		5A752FC32289AE9700818B93 /* Sources */ = {
			isa = PBXSourcesBuildPhase;
			buildActionMask = 2147483647;
			files = (
				5A752FCC2289AE9800818B93 /* TopViewController.swift in Sources */,
				5AFE58DF2407D5A00062D5E6 /* Secret.swift in Sources */,
				5AFE58D22407D28E0062D5E6 /* ExampleViewController.swift in Sources */,
				5A752FCA2289AE9800818B93 /* AppDelegate.swift in Sources */,
			);
			runOnlyForDeploymentPostprocessing = 0;
		};
/* End PBXSourcesBuildPhase section */

/* Begin PBXTargetDependency section */
		5A752FB32289AC4D00818B93 /* PBXTargetDependency */ = {
			isa = PBXTargetDependency;
			target = 5A752FA62289AC4D00818B93 /* Huruhuru */;
			targetProxy = 5A752FB22289AC4D00818B93 /* PBXContainerItemProxy */;
		};
		5A752FDC2289AECF00818B93 /* PBXTargetDependency */ = {
			isa = PBXTargetDependency;
			target = 5A752FA62289AC4D00818B93 /* Huruhuru */;
			targetProxy = 5A752FDB2289AECF00818B93 /* PBXContainerItemProxy */;
		};
/* End PBXTargetDependency section */

/* Begin XCBuildConfiguration section */
		5A752FB92289AC4D00818B93 /* Debug */ = {
			isa = XCBuildConfiguration;
			buildSettings = {
				ALWAYS_SEARCH_USER_PATHS = NO;
				CLANG_ANALYZER_NONNULL = YES;
				CLANG_ANALYZER_NUMBER_OBJECT_CONVERSION = YES_AGGRESSIVE;
				CLANG_CXX_LANGUAGE_STANDARD = "gnu++14";
				CLANG_CXX_LIBRARY = "libc++";
				CLANG_ENABLE_MODULES = YES;
				CLANG_ENABLE_OBJC_ARC = YES;
				CLANG_ENABLE_OBJC_WEAK = YES;
				CLANG_WARN_BLOCK_CAPTURE_AUTORELEASING = YES;
				CLANG_WARN_BOOL_CONVERSION = YES;
				CLANG_WARN_COMMA = YES;
				CLANG_WARN_CONSTANT_CONVERSION = YES;
				CLANG_WARN_DEPRECATED_OBJC_IMPLEMENTATIONS = YES;
				CLANG_WARN_DIRECT_OBJC_ISA_USAGE = YES_ERROR;
				CLANG_WARN_DOCUMENTATION_COMMENTS = YES;
				CLANG_WARN_EMPTY_BODY = YES;
				CLANG_WARN_ENUM_CONVERSION = YES;
				CLANG_WARN_INFINITE_RECURSION = YES;
				CLANG_WARN_INT_CONVERSION = YES;
				CLANG_WARN_NON_LITERAL_NULL_CONVERSION = YES;
				CLANG_WARN_OBJC_IMPLICIT_RETAIN_SELF = YES;
				CLANG_WARN_OBJC_LITERAL_CONVERSION = YES;
				CLANG_WARN_OBJC_ROOT_CLASS = YES_ERROR;
				CLANG_WARN_RANGE_LOOP_ANALYSIS = YES;
				CLANG_WARN_STRICT_PROTOTYPES = YES;
				CLANG_WARN_SUSPICIOUS_MOVE = YES;
				CLANG_WARN_UNGUARDED_AVAILABILITY = YES_AGGRESSIVE;
				CLANG_WARN_UNREACHABLE_CODE = YES;
				CLANG_WARN__DUPLICATE_METHOD_MATCH = YES;
				CODE_SIGN_IDENTITY = "iPhone Developer";
				COPY_PHASE_STRIP = NO;
				CURRENT_PROJECT_VERSION = 1;
				DEBUG_INFORMATION_FORMAT = dwarf;
				ENABLE_STRICT_OBJC_MSGSEND = YES;
				ENABLE_TESTABILITY = YES;
				GCC_C_LANGUAGE_STANDARD = gnu11;
				GCC_DYNAMIC_NO_PIC = NO;
				GCC_NO_COMMON_BLOCKS = YES;
				GCC_OPTIMIZATION_LEVEL = 0;
				GCC_PREPROCESSOR_DEFINITIONS = (
					"DEBUG=1",
					"$(inherited)",
				);
				GCC_WARN_64_TO_32_BIT_CONVERSION = YES;
				GCC_WARN_ABOUT_RETURN_TYPE = YES_ERROR;
				GCC_WARN_UNDECLARED_SELECTOR = YES;
				GCC_WARN_UNINITIALIZED_AUTOS = YES_AGGRESSIVE;
				GCC_WARN_UNUSED_FUNCTION = YES;
				GCC_WARN_UNUSED_VARIABLE = YES;
				IPHONEOS_DEPLOYMENT_TARGET = 11.0;
				MTL_ENABLE_DEBUG_INFO = INCLUDE_SOURCE;
				MTL_FAST_MATH = YES;
				ONLY_ACTIVE_ARCH = YES;
				SDKROOT = iphoneos;
				SWIFT_ACTIVE_COMPILATION_CONDITIONS = DEBUG;
				SWIFT_OPTIMIZATION_LEVEL = "-Onone";
				VERSIONING_SYSTEM = "apple-generic";
				VERSION_INFO_PREFIX = "";
			};
			name = Debug;
		};
		5A752FBA2289AC4D00818B93 /* Release */ = {
			isa = XCBuildConfiguration;
			buildSettings = {
				ALWAYS_SEARCH_USER_PATHS = NO;
				CLANG_ANALYZER_NONNULL = YES;
				CLANG_ANALYZER_NUMBER_OBJECT_CONVERSION = YES_AGGRESSIVE;
				CLANG_CXX_LANGUAGE_STANDARD = "gnu++14";
				CLANG_CXX_LIBRARY = "libc++";
				CLANG_ENABLE_MODULES = YES;
				CLANG_ENABLE_OBJC_ARC = YES;
				CLANG_ENABLE_OBJC_WEAK = YES;
				CLANG_WARN_BLOCK_CAPTURE_AUTORELEASING = YES;
				CLANG_WARN_BOOL_CONVERSION = YES;
				CLANG_WARN_COMMA = YES;
				CLANG_WARN_CONSTANT_CONVERSION = YES;
				CLANG_WARN_DEPRECATED_OBJC_IMPLEMENTATIONS = YES;
				CLANG_WARN_DIRECT_OBJC_ISA_USAGE = YES_ERROR;
				CLANG_WARN_DOCUMENTATION_COMMENTS = YES;
				CLANG_WARN_EMPTY_BODY = YES;
				CLANG_WARN_ENUM_CONVERSION = YES;
				CLANG_WARN_INFINITE_RECURSION = YES;
				CLANG_WARN_INT_CONVERSION = YES;
				CLANG_WARN_NON_LITERAL_NULL_CONVERSION = YES;
				CLANG_WARN_OBJC_IMPLICIT_RETAIN_SELF = YES;
				CLANG_WARN_OBJC_LITERAL_CONVERSION = YES;
				CLANG_WARN_OBJC_ROOT_CLASS = YES_ERROR;
				CLANG_WARN_RANGE_LOOP_ANALYSIS = YES;
				CLANG_WARN_STRICT_PROTOTYPES = YES;
				CLANG_WARN_SUSPICIOUS_MOVE = YES;
				CLANG_WARN_UNGUARDED_AVAILABILITY = YES_AGGRESSIVE;
				CLANG_WARN_UNREACHABLE_CODE = YES;
				CLANG_WARN__DUPLICATE_METHOD_MATCH = YES;
				CODE_SIGN_IDENTITY = "iPhone Developer";
				COPY_PHASE_STRIP = NO;
				CURRENT_PROJECT_VERSION = 1;
				DEBUG_INFORMATION_FORMAT = "dwarf-with-dsym";
				ENABLE_NS_ASSERTIONS = NO;
				ENABLE_STRICT_OBJC_MSGSEND = YES;
				GCC_C_LANGUAGE_STANDARD = gnu11;
				GCC_NO_COMMON_BLOCKS = YES;
				GCC_WARN_64_TO_32_BIT_CONVERSION = YES;
				GCC_WARN_ABOUT_RETURN_TYPE = YES_ERROR;
				GCC_WARN_UNDECLARED_SELECTOR = YES;
				GCC_WARN_UNINITIALIZED_AUTOS = YES_AGGRESSIVE;
				GCC_WARN_UNUSED_FUNCTION = YES;
				GCC_WARN_UNUSED_VARIABLE = YES;
				IPHONEOS_DEPLOYMENT_TARGET = 11.0;
				MTL_ENABLE_DEBUG_INFO = NO;
				MTL_FAST_MATH = YES;
				SDKROOT = iphoneos;
				SWIFT_COMPILATION_MODE = wholemodule;
				SWIFT_OPTIMIZATION_LEVEL = "-O";
				VALIDATE_PRODUCT = YES;
				VERSIONING_SYSTEM = "apple-generic";
				VERSION_INFO_PREFIX = "";
			};
			name = Release;
		};
		5A752FBC2289AC4D00818B93 /* Debug */ = {
			isa = XCBuildConfiguration;
			buildSettings = {
				CLANG_ENABLE_MODULES = YES;
				CODE_SIGN_IDENTITY = "";
				CODE_SIGN_STYLE = Automatic;
				DEFINES_MODULE = YES;
				DEVELOPMENT_TEAM = 9PHSZKL64F;
				DYLIB_COMPATIBILITY_VERSION = 1;
				DYLIB_CURRENT_VERSION = 1;
				DYLIB_INSTALL_NAME_BASE = "@rpath";
				INFOPLIST_FILE = Huruhuru/Info.plist;
				INSTALL_PATH = "$(LOCAL_LIBRARY_DIR)/Frameworks";
				LD_RUNPATH_SEARCH_PATHS = (
					"$(inherited)",
					"@executable_path/Frameworks",
					"@loader_path/Frameworks",
				);
				PRODUCT_BUNDLE_IDENTIFIER = com.k0uhashi.Huruhuru;
				PRODUCT_NAME = "$(TARGET_NAME:c99extidentifier)";
				SKIP_INSTALL = YES;
				SWIFT_OPTIMIZATION_LEVEL = "-Onone";
				SWIFT_VERSION = 5.0;
				TARGETED_DEVICE_FAMILY = "1,2";
			};
			name = Debug;
		};
		5A752FBD2289AC4D00818B93 /* Release */ = {
			isa = XCBuildConfiguration;
			buildSettings = {
				CLANG_ENABLE_MODULES = YES;
				CODE_SIGN_IDENTITY = "";
				CODE_SIGN_STYLE = Automatic;
				DEFINES_MODULE = YES;
				DEVELOPMENT_TEAM = 9PHSZKL64F;
				DYLIB_COMPATIBILITY_VERSION = 1;
				DYLIB_CURRENT_VERSION = 1;
				DYLIB_INSTALL_NAME_BASE = "@rpath";
				INFOPLIST_FILE = Huruhuru/Info.plist;
				INSTALL_PATH = "$(LOCAL_LIBRARY_DIR)/Frameworks";
				LD_RUNPATH_SEARCH_PATHS = (
					"$(inherited)",
					"@executable_path/Frameworks",
					"@loader_path/Frameworks",
				);
				PRODUCT_BUNDLE_IDENTIFIER = com.k0uhashi.Huruhuru;
				PRODUCT_NAME = "$(TARGET_NAME:c99extidentifier)";
				SKIP_INSTALL = YES;
				SWIFT_VERSION = 5.0;
				TARGETED_DEVICE_FAMILY = "1,2";
			};
			name = Release;
		};
		5A752FBF2289AC4D00818B93 /* Debug */ = {
			isa = XCBuildConfiguration;
			buildSettings = {
				ALWAYS_EMBED_SWIFT_STANDARD_LIBRARIES = YES;
				CODE_SIGN_STYLE = Automatic;
				DEVELOPMENT_TEAM = 9PHSZKL64F;
				INFOPLIST_FILE = HuruhuruTests/Info.plist;
				LD_RUNPATH_SEARCH_PATHS = (
					"$(inherited)",
					"@executable_path/Frameworks",
					"@loader_path/Frameworks",
				);
				PRODUCT_BUNDLE_IDENTIFIER = com.k0uhashi.HuruhuruTests;
				PRODUCT_NAME = "$(TARGET_NAME)";
				SWIFT_VERSION = 5.0;
				TARGETED_DEVICE_FAMILY = "1,2";
			};
			name = Debug;
		};
		5A752FC02289AC4D00818B93 /* Release */ = {
			isa = XCBuildConfiguration;
			buildSettings = {
				ALWAYS_EMBED_SWIFT_STANDARD_LIBRARIES = YES;
				CODE_SIGN_STYLE = Automatic;
				DEVELOPMENT_TEAM = 9PHSZKL64F;
				INFOPLIST_FILE = HuruhuruTests/Info.plist;
				LD_RUNPATH_SEARCH_PATHS = (
					"$(inherited)",
					"@executable_path/Frameworks",
					"@loader_path/Frameworks",
				);
				PRODUCT_BUNDLE_IDENTIFIER = com.k0uhashi.HuruhuruTests;
				PRODUCT_NAME = "$(TARGET_NAME)";
				SWIFT_VERSION = 5.0;
				TARGETED_DEVICE_FAMILY = "1,2";
			};
			name = Release;
		};
		5A752FD72289AE9900818B93 /* Debug */ = {
			isa = XCBuildConfiguration;
			buildSettings = {
				ALWAYS_EMBED_SWIFT_STANDARD_LIBRARIES = YES;
				ASSETCATALOG_COMPILER_APPICON_NAME = AppIcon;
				CODE_SIGN_STYLE = Automatic;
				DEVELOPMENT_TEAM = 9PHSZKL64F;
				INFOPLIST_FILE = HuruhuruExample/Info.plist;
				LD_RUNPATH_SEARCH_PATHS = (
					"$(inherited)",
					"@executable_path/Frameworks",
				);
				PRODUCT_BUNDLE_IDENTIFIER = com.k0uhashi.HuruhuruExample;
				PRODUCT_NAME = "$(TARGET_NAME)";
				SWIFT_VERSION = 5.0;
				TARGETED_DEVICE_FAMILY = "1,2";
			};
			name = Debug;
		};
		5A752FD82289AE9900818B93 /* Release */ = {
			isa = XCBuildConfiguration;
			buildSettings = {
				ALWAYS_EMBED_SWIFT_STANDARD_LIBRARIES = YES;
				ASSETCATALOG_COMPILER_APPICON_NAME = AppIcon;
				CODE_SIGN_STYLE = Automatic;
				DEVELOPMENT_TEAM = 9PHSZKL64F;
				INFOPLIST_FILE = HuruhuruExample/Info.plist;
				LD_RUNPATH_SEARCH_PATHS = (
					"$(inherited)",
					"@executable_path/Frameworks",
				);
				PRODUCT_BUNDLE_IDENTIFIER = com.k0uhashi.HuruhuruExample;
				PRODUCT_NAME = "$(TARGET_NAME)";
				SWIFT_VERSION = 5.0;
				TARGETED_DEVICE_FAMILY = "1,2";
			};
			name = Release;
		};
/* End XCBuildConfiguration section */

/* Begin XCConfigurationList section */
		5A752FA12289AC4D00818B93 /* Build configuration list for PBXProject "Huruhuru" */ = {
			isa = XCConfigurationList;
			buildConfigurations = (
				5A752FB92289AC4D00818B93 /* Debug */,
				5A752FBA2289AC4D00818B93 /* Release */,
			);
			defaultConfigurationIsVisible = 0;
			defaultConfigurationName = Release;
		};
		5A752FBB2289AC4D00818B93 /* Build configuration list for PBXNativeTarget "Huruhuru" */ = {
			isa = XCConfigurationList;
			buildConfigurations = (
				5A752FBC2289AC4D00818B93 /* Debug */,
				5A752FBD2289AC4D00818B93 /* Release */,
			);
			defaultConfigurationIsVisible = 0;
			defaultConfigurationName = Release;
		};
		5A752FBE2289AC4D00818B93 /* Build configuration list for PBXNativeTarget "HuruhuruTests" */ = {
			isa = XCConfigurationList;
			buildConfigurations = (
				5A752FBF2289AC4D00818B93 /* Debug */,
				5A752FC02289AC4D00818B93 /* Release */,
			);
			defaultConfigurationIsVisible = 0;
			defaultConfigurationName = Release;
		};
		5A752FD62289AE9900818B93 /* Build configuration list for PBXNativeTarget "HuruhuruExample" */ = {
			isa = XCConfigurationList;
			buildConfigurations = (
				5A752FD72289AE9900818B93 /* Debug */,
				5A752FD82289AE9900818B93 /* Release */,
			);
			defaultConfigurationIsVisible = 0;
			defaultConfigurationName = Release;
		};
/* End XCConfigurationList section */
	};
	rootObject = 5A752F9E2289AC4D00818B93 /* Project object */;
}
